github.com/gloo-foo/framework v0.0.1 h1:RCI+rT/SSY51R3qGLz8u6zjt113dny7Yf2ZM6+MhqHE=
github.com/gloo-foo/framework v0.0.1/go.mod h1:p9P7iz84iZ4+c7BoOrVcKl7yuWVZ79eaCmWkM44FJ4c=
github.com/gloo-foo/framework v0.0.3 h1:1ZmonNQ0ftuIrDEQ2G/mfY4qcODLyECI71UxtEgo1Fw=
github.com/gloo-foo/framework v0.0.3/go.mod h1:p9P7iz84iZ4+c7BoOrVcKl7yuWVZ79eaCmWkM44FJ4c=
github.com/yupsh/find v0.0.2 h1:HBpZA0FAp2D8MQCjnUgdx7SeyeE2+Pzfysc0Z3kLJtY=
github.com/yupsh/find v0.0.2/go.mod h1:sKlxeNs7jx8FlkPZ7G8BbWmb00hpZcJ5sKnV61fihiw=
github.com/yupsh/find v0.0.3 h1:jllLxZB0mTSltEQGKciewuO3w/pIvJyVvp3Xs1Wn9i4=
github.com/yupsh/find v0.0.3/go.mod h1:sKlxeNs7jx8FlkPZ7G8BbWmb00hpZcJ5sKnV61fihiw=
